
Microsoft Visual Studio Solution File, Format Version 12.00
# Visual Studio Version 17
VisualStudioVersion = 17.4.33122.133
MinimumVisualStudioVersion = 10.0.40219.1
Project("{FAE04EC0-301F-11D3-BF4B-00C04F79EFBC}") = "Tic Tac Toe", "Tic Tac Toe\Tic Tac Toe.csproj", "{0C26EC40-6DF3-428C-80F1-634BDD045F8C}"
EndProject
Global
	GlobalSection(SolutionConfigurationPlatforms) = preSolution
		Debug|Any CPU = Debug|Any CPU
		Release|Any CPU = Release|Any CPU
	EndGlobalSection
	GlobalSection(ProjectConfigurationPlatforms) = postSolution
		{0C26EC40-6DF3-428C-80F1-634BDD045F8C}.Debug|Any CPU.ActiveCfg = Debug|Any CPU
		{0C26EC40-6DF3-428C-80F1-634BDD045F8C}.Debug|Any CPU.Build.0 = Debug|Any CPU
		{0C26EC40-6DF3-428C-80F1-634BDD045F8C}.Release|Any CPU.ActiveCfg = Release|Any CPU
		{0C26EC40-6DF3-428C-80F1-634BDD045F8C}.Release|Any CPU.Build.0 = Release|Any CPU
	EndGlobalSection
	GlobalSection(SolutionProperties) = preSolution
		HideSolutionNode = FALSE
	EndGlobalSection
	GlobalSection(ExtensibilityGlobals) = postSolution
		SolutionGuid = {5F309701-5585-433A-B59D-5B65FEC59211}
	EndGlobalSection
EndGlobal
